PODS:
  - GoogleMaps (2.3.0):
    - GoogleMaps/Maps (= 2.3.0)
  - GoogleMaps/Base (2.3.0)
  - GoogleMaps/Maps (2.3.0):
    - GoogleMaps/Base
  - ObjectMapper (2.2.7)

DEPENDENCIES:
  - GoogleMaps
  - ObjectMapper (~> 2.2)

SPEC CHECKSUMS:
  GoogleMaps: 340a6a0bebd17c2db8abcd3921976c7c53c86cb8
  ObjectMapper: 65abcfd9a61cf7396cbd14a4fb22fddfcc46577e

PODFILE CHECKSUM: 8b64eab5759d4a60097dec2f36354ff09aed33b9

COCOAPODS: 1.2.1
